
Microsoft Visual Studio Solution File, Format Version 12.00
# Visual Studio 14
VisualStudioVersion = 14.0.25123.0
MinimumVisualStudioVersion = 10.0.40219.1
Project("{FAE04EC0-301F-11D3-BF4B-00C04F79EFBC}") = "ConsoleApplication14", "ConsoleApplication14\ConsoleApplication14.csproj", "{F02EC026-E0FB-4B05-A4E4-875E79EAFDD0}"
EndProject
Global
	GlobalSection(SolutionConfigurationPlatforms) = preSolution
		Debug|Any CPU = Debug|Any CPU
		Release|Any CPU = Release|Any CPU
	EndGlobalSection
	GlobalSection(ProjectConfigurationPlatforms) = postSolution
		{F02EC026-E0FB-4B05-A4E4-875E79EAFDD0}.Debug|Any CPU.ActiveCfg = Debug|Any CPU
		{F02EC026-E0FB-4B05-A4E4-875E79EAFDD0}.Debug|Any CPU.Build.0 = Debug|Any CPU
		{F02EC026-E0FB-4B05-A4E4-875E79EAFDD0}.Release|Any CPU.ActiveCfg = Release|Any CPU
		{F02EC026-E0FB-4B05-A4E4-875E79EAFDD0}.Release|Any CPU.Build.0 = Release|Any CPU
	EndGlobalSection
	GlobalSection(SolutionProperties) = preSolution
		HideSolutionNode = FALSE
	EndGlobalSection
EndGlobal
